// !$*UTF8*$!
{
	archiveVersion = 1;
	classes = {
	};
	objectVersion = 46;
	objects = {

/* Begin PBXBuildFile section */
		D85843A61DAAB52700C7624C /* SwiftHttp2.framework in Frameworks */ = {isa = PBXBuildFile; fileRef = D85843971DAAB4EC00C7624C /* SwiftHttp2.framework */; };
		D871AF271DB5AF34007CA397 /* Extensions.swift in Sources */ = {isa = PBXBuildFile; fileRef = D871AF261DB5AF34007CA397 /* Extensions.swift */; };
		D8ADA1E31DA6D1C20017642B /* SwiftProtobuf.framework in Frameworks */ = {isa = PBXBuildFile; fileRef = D8ADA1591DA6CD370017642B /* SwiftProtobuf.framework */; };
		D8ADA1E71DA6D1D60017642B /* PluginLibrary.framework in Frameworks */ = {isa = PBXBuildFile; fileRef = D8ADA1661DA6CD440017642B /* PluginLibrary.framework */; };
		D8ADA1E91DA6D1D60017642B /* SwiftGRPC.framework in Frameworks */ = {isa = PBXBuildFile; fileRef = D8ADA14C1DA6CD2E0017642B /* SwiftGRPC.framework */; };
		D8ADA1EA1DA6D1D60017642B /* SwiftProtobuf.framework in Frameworks */ = {isa = PBXBuildFile; fileRef = D8ADA1591DA6CD370017642B /* SwiftProtobuf.framework */; };
		D8ADA1ED1DA6D2090017642B /* State.swift in Sources */ = {isa = PBXBuildFile; fileRef = D8ADA1EB1DA6D2090017642B /* State.swift */; };
		D8ADA1EE1DA6D2090017642B /* pages.pb.swift in Sources */ = {isa = PBXBuildFile; fileRef = D8ADA1EC1DA6D2090017642B /* pages.pb.swift */; };
		D8ADA2611DA6D3B70017642B /* SwiftProtobuf.framework in Frameworks */ = {isa = PBXBuildFile; fileRef = D8ADA1591DA6CD370017642B /* SwiftProtobuf.framework */; };
		D8ADA2A51DA6D5F80017642B /* PluginLibrary.framework in Frameworks */ = {isa = PBXBuildFile; fileRef = D8ADA1661DA6CD440017642B /* PluginLibrary.framework */; };
		D8C050041DB2FA53007C5BC3 /* SwiftHpack.framework in Frameworks */ = {isa = PBXBuildFile; fileRef = D8C04FEF1DB2FA0F007C5BC3 /* SwiftHpack.framework */; };
		D8C050051DB2FA5E007C5BC3 /* SwiftHpack.framework in Frameworks */ = {isa = PBXBuildFile; fileRef = D8C04FEF1DB2FA0F007C5BC3 /* SwiftHpack.framework */; };
		F50346961DBC77440041F6A6 /* Bytes.swift in Sources */ = {isa = PBXBuildFile; fileRef = F503468A1DBC77350041F6A6 /* Bytes.swift */; };
		F50346971DBC77440041F6A6 /* Decoder.swift in Sources */ = {isa = PBXBuildFile; fileRef = F503468B1DBC77350041F6A6 /* Decoder.swift */; };
		F50346981DBC77440041F6A6 /* Encoder.swift in Sources */ = {isa = PBXBuildFile; fileRef = F503468C1DBC77350041F6A6 /* Encoder.swift */; };
		F50346991DBC77440041F6A6 /* hpack.swift in Sources */ = {isa = PBXBuildFile; fileRef = F503468D1DBC77350041F6A6 /* hpack.swift */; };
		F503469A1DBC77440041F6A6 /* Huffman.swift in Sources */ = {isa = PBXBuildFile; fileRef = F503468E1DBC77350041F6A6 /* Huffman.swift */; };
		F503469B1DBC77440041F6A6 /* Table.swift in Sources */ = {isa = PBXBuildFile; fileRef = F503468F1DBC77350041F6A6 /* Table.swift */; };
		F503469F1DBC775A0041F6A6 /* Frames.swift in Sources */ = {isa = PBXBuildFile; fileRef = F503469C1DBC775A0041F6A6 /* Frames.swift */; };
		F50346A01DBC775A0041F6A6 /* Http2.swift in Sources */ = {isa = PBXBuildFile; fileRef = F503469D1DBC775A0041F6A6 /* Http2.swift */; };
		F50346A11DBC775A0041F6A6 /* Streams.swift in Sources */ = {isa = PBXBuildFile; fileRef = F503469E1DBC775A0041F6A6 /* Streams.swift */; };
		F50346A41DBC77750041F6A6 /* gRPC.swift in Sources */ = {isa = PBXBuildFile; fileRef = F50346A21DBC776D0041F6A6 /* gRPC.swift */; };
		F50346CB1DBC77900041F6A6 /* api.pb.swift in Sources */ = {isa = PBXBuildFile; fileRef = F50346A51DBC77900041F6A6 /* api.pb.swift */; };
		F50346CC1DBC77900041F6A6 /* duration.pb.swift in Sources */ = {isa = PBXBuildFile; fileRef = F50346A61DBC77900041F6A6 /* duration.pb.swift */; };
		F50346CD1DBC77900041F6A6 /* empty.pb.swift in Sources */ = {isa = PBXBuildFile; fileRef = F50346A71DBC77900041F6A6 /* empty.pb.swift */; };
		F50346CE1DBC77900041F6A6 /* field_mask.pb.swift in Sources */ = {isa = PBXBuildFile; fileRef = F50346A81DBC77900041F6A6 /* field_mask.pb.swift */; };
		F50346CF1DBC77900041F6A6 /* FieldTag.swift in Sources */ = {isa = PBXBuildFile; fileRef = F50346A91DBC77900041F6A6 /* FieldTag.swift */; };
		F50346D01DBC77900041F6A6 /* Google_Protobuf_Any.swift in Sources */ = {isa = PBXBuildFile; fileRef = F50346AA1DBC77900041F6A6 /* Google_Protobuf_Any.swift */; };
		F50346D11DBC77900041F6A6 /* Google_Protobuf_Duration_Extensions.swift in Sources */ = {isa = PBXBuildFile; fileRef = F50346AB1DBC77900041F6A6 /* Google_Protobuf_Duration_Extensions.swift */; };
		F50346D21DBC77900041F6A6 /* Google_Protobuf_FieldMask_Extensions.swift in Sources */ = {isa = PBXBuildFile; fileRef = F50346AC1DBC77900041F6A6 /* Google_Protobuf_FieldMask_Extensions.swift */; };
		F50346D31DBC77900041F6A6 /* Google_Protobuf_Struct.swift in Sources */ = {isa = PBXBuildFile; fileRef = F50346AD1DBC77900041F6A6 /* Google_Protobuf_Struct.swift */; };
		F50346D41DBC77900041F6A6 /* Google_Protobuf_Timestamp_Extensions.swift in Sources */ = {isa = PBXBuildFile; fileRef = F50346AE1DBC77900041F6A6 /* Google_Protobuf_Timestamp_Extensions.swift */; };
		F50346D51DBC77900041F6A6 /* Google_Protobuf_Wrappers+Extensions.swift in Sources */ = {isa = PBXBuildFile; fileRef = F50346AF1DBC77900041F6A6 /* Google_Protobuf_Wrappers+Extensions.swift */; };
		F50346D61DBC77900041F6A6 /* ProtobufBinaryDecoding.swift in Sources */ = {isa = PBXBuildFile; fileRef = F50346B01DBC77900041F6A6 /* ProtobufBinaryDecoding.swift */; };
		F50346D71DBC77900041F6A6 /* ProtobufBinaryEncoding.swift in Sources */ = {isa = PBXBuildFile; fileRef = F50346B11DBC77900041F6A6 /* ProtobufBinaryEncoding.swift */; };
		F50346D81DBC77900041F6A6 /* ProtobufBinarySizeVisitor.swift in Sources */ = {isa = PBXBuildFile; fileRef = F50346B21DBC77900041F6A6 /* ProtobufBinarySizeVisitor.swift */; };
		F50346D91DBC77900041F6A6 /* ProtobufBinaryTypes.swift in Sources */ = {isa = PBXBuildFile; fileRef = F50346B31DBC77900041F6A6 /* ProtobufBinaryTypes.swift */; };
		F50346DA1DBC77900041F6A6 /* ProtobufDebugDescription.swift in Sources */ = {isa = PBXBuildFile; fileRef = F50346B41DBC77900041F6A6 /* ProtobufDebugDescription.swift */; };
		F50346DB1DBC77900041F6A6 /* ProtobufEnum.swift in Sources */ = {isa = PBXBuildFile; fileRef = F50346B51DBC77900041F6A6 /* ProtobufEnum.swift */; };
		F50346DC1DBC77900041F6A6 /* ProtobufError.swift in Sources */ = {isa = PBXBuildFile; fileRef = F50346B61DBC77900041F6A6 /* ProtobufError.swift */; };
		F50346DD1DBC77900041F6A6 /* ProtobufExtensionFields.swift in Sources */ = {isa = PBXBuildFile; fileRef = F50346B71DBC77900041F6A6 /* ProtobufExtensionFields.swift */; };
		F50346DE1DBC77900041F6A6 /* ProtobufExtensions.swift in Sources */ = {isa = PBXBuildFile; fileRef = F50346B81DBC77900041F6A6 /* ProtobufExtensions.swift */; };
		F50346DF1DBC77900041F6A6 /* ProtobufFieldDecoder.swift in Sources */ = {isa = PBXBuildFile; fileRef = F50346B91DBC77900041F6A6 /* ProtobufFieldDecoder.swift */; };
		F50346E01DBC77900041F6A6 /* ProtobufHash.swift in Sources */ = {isa = PBXBuildFile; fileRef = F50346BA1DBC77900041F6A6 /* ProtobufHash.swift */; };
		F50346E11DBC77900041F6A6 /* ProtobufJSONDecoding.swift in Sources */ = {isa = PBXBuildFile; fileRef = F50346BB1DBC77900041F6A6 /* ProtobufJSONDecoding.swift */; };
		F50346E21DBC77900041F6A6 /* ProtobufJSONEncoding.swift in Sources */ = {isa = PBXBuildFile; fileRef = F50346BC1DBC77900041F6A6 /* ProtobufJSONEncoding.swift */; };
		F50346E31DBC77900041F6A6 /* ProtobufJSONTypes.swift in Sources */ = {isa = PBXBuildFile; fileRef = F50346BD1DBC77900041F6A6 /* ProtobufJSONTypes.swift */; };
		F50346E41DBC77900041F6A6 /* ProtobufMessage.swift in Sources */ = {isa = PBXBuildFile; fileRef = F50346BE1DBC77900041F6A6 /* ProtobufMessage.swift */; };
		F50346E51DBC77900041F6A6 /* ProtobufMirror.swift in Sources */ = {isa = PBXBuildFile; fileRef = F50346BF1DBC77900041F6A6 /* ProtobufMirror.swift */; };
		F50346E61DBC77900041F6A6 /* ProtobufOneof.swift in Sources */ = {isa = PBXBuildFile; fileRef = F50346C01DBC77900041F6A6 /* ProtobufOneof.swift */; };
		F50346E71DBC77900041F6A6 /* ProtobufTraversal.swift in Sources */ = {isa = PBXBuildFile; fileRef = F50346C11DBC77900041F6A6 /* ProtobufTraversal.swift */; };
		F50346E81DBC77900041F6A6 /* ProtobufTypes.swift in Sources */ = {isa = PBXBuildFile; fileRef = F50346C21DBC77900041F6A6 /* ProtobufTypes.swift */; };
		F50346E91DBC77900041F6A6 /* ProtobufUnknown.swift in Sources */ = {isa = PBXBuildFile; fileRef = F50346C31DBC77900041F6A6 /* ProtobufUnknown.swift */; };
		F50346EA1DBC77900041F6A6 /* source_context.pb.swift in Sources */ = {isa = PBXBuildFile; fileRef = F50346C41DBC77900041F6A6 /* source_context.pb.swift */; };
		F50346EB1DBC77900041F6A6 /* timestamp.pb.swift in Sources */ = {isa = PBXBuildFile; fileRef = F50346C51DBC77900041F6A6 /* timestamp.pb.swift */; };
		F50346EC1DBC77900041F6A6 /* type.pb.swift in Sources */ = {isa = PBXBuildFile; fileRef = F50346C61DBC77900041F6A6 /* type.pb.swift */; };
		F50346ED1DBC77900041F6A6 /* Varint.swift in Sources */ = {isa = PBXBuildFile; fileRef = F50346C71DBC77900041F6A6 /* Varint.swift */; };
		F50346EE1DBC77900041F6A6 /* WireFormat.swift in Sources */ = {isa = PBXBuildFile; fileRef = F50346C81DBC77900041F6A6 /* WireFormat.swift */; };
		F50346EF1DBC77900041F6A6 /* wrappers.pb.swift in Sources */ = {isa = PBXBuildFile; fileRef = F50346C91DBC77900041F6A6 /* wrappers.pb.swift */; };
		F50346F01DBC77900041F6A6 /* ZigZag.swift in Sources */ = {isa = PBXBuildFile; fileRef = F50346CA1DBC77900041F6A6 /* ZigZag.swift */; };
		F50346F41DBC77A50041F6A6 /* descriptor.pb.swift in Sources */ = {isa = PBXBuildFile; fileRef = F50346F11DBC77A50041F6A6 /* descriptor.pb.swift */; };
		F50346F51DBC77A50041F6A6 /* plugin.pb.swift in Sources */ = {isa = PBXBuildFile; fileRef = F50346F21DBC77A50041F6A6 /* plugin.pb.swift */; };
		F50346F61DBC77A50041F6A6 /* swift-options.pb.swift in Sources */ = {isa = PBXBuildFile; fileRef = F50346F31DBC77A50041F6A6 /* swift-options.pb.swift */; };
		F57DDD731DAAED2A004C83FA /* Service.swift in Sources */ = {isa = PBXBuildFile; fileRef = F57DDD721DAAED2A004C83FA /* Service.swift */; };
/* End PBXBuildFile section */

/* Begin PBXFileReference section */
		D85843971DAAB4EC00C7624C /* SwiftHttp2.framework */ = {isa = PBXFileReference; explicitFileType = wrapper.framework; includeInIndex = 0; path = SwiftHttp2.framework; sourceTree = BUILT_PRODUCTS_DIR; };
		D871AF261DB5AF34007CA397 /* Extensions.swift */ = {isa = PBXFileReference; fileEncoding = 4; lastKnownFileType = sourcecode.swift; name = Extensions.swift; path = Sources/Extensions.swift; sourceTree = SOURCE_ROOT; };
		D8ADA1211DA6CB060017642B /* PageKit.framework */ = {isa = PBXFileReference; explicitFileType = wrapper.framework; includeInIndex = 0; path = PageKit.framework; sourceTree = BUILT_PRODUCTS_DIR; };
		D8ADA14C1DA6CD2E0017642B /* SwiftGRPC.framework */ = {isa = PBXFileReference; explicitFileType = wrapper.framework; includeInIndex = 0; path = SwiftGRPC.framework; sourceTree = BUILT_PRODUCTS_DIR; };
		D8ADA1591DA6CD370017642B /* SwiftProtobuf.framework */ = {isa = PBXFileReference; explicitFileType = wrapper.framework; includeInIndex = 0; path = SwiftProtobuf.framework; sourceTree = BUILT_PRODUCTS_DIR; };
		D8ADA1661DA6CD440017642B /* PluginLibrary.framework */ = {isa = PBXFileReference; explicitFileType = wrapper.framework; includeInIndex = 0; path = PluginLibrary.framework; sourceTree = BUILT_PRODUCTS_DIR; };
		D8ADA1EB1DA6D2090017642B /* State.swift */ = {isa = PBXFileReference; fileEncoding = 4; lastKnownFileType = sourcecode.swift; name = State.swift; path = Sources/State.swift; sourceTree = SOURCE_ROOT; };
		D8ADA1EC1DA6D2090017642B /* pages.pb.swift */ = {isa = PBXFileReference; fileEncoding = 4; lastKnownFileType = sourcecode.swift; name = pages.pb.swift; path = Sources/pages.pb.swift; sourceTree = SOURCE_ROOT; };
		D8C04FEF1DB2FA0F007C5BC3 /* SwiftHpack.framework */ = {isa = PBXFileReference; explicitFileType = wrapper.framework; includeInIndex = 0; path = SwiftHpack.framework; sourceTree = BUILT_PRODUCTS_DIR; };
		F503468A1DBC77350041F6A6 /* Bytes.swift */ = {isa = PBXFileReference; fileEncoding = 4; lastKnownFileType = sourcecode.swift; name = Bytes.swift; path = "Packages/SwiftHpack-0.1.2/Sources/Bytes.swift"; sourceTree = SOURCE_ROOT; };
		F503468B1DBC77350041F6A6 /* Decoder.swift */ = {isa = PBXFileReference; fileEncoding = 4; lastKnownFileType = sourcecode.swift; name = Decoder.swift; path = "Packages/SwiftHpack-0.1.2/Sources/Decoder.swift"; sourceTree = SOURCE_ROOT; };
		F503468C1DBC77350041F6A6 /* Encoder.swift */ = {isa = PBXFileReference; fileEncoding = 4; lastKnownFileType = sourcecode.swift; name = Encoder.swift; path = "Packages/SwiftHpack-0.1.2/Sources/Encoder.swift"; sourceTree = SOURCE_ROOT; };
		F503468D1DBC77350041F6A6 /* hpack.swift */ = {isa = PBXFileReference; fileEncoding = 4; lastKnownFileType = sourcecode.swift; name = hpack.swift; path = "Packages/SwiftHpack-0.1.2/Sources/hpack.swift"; sourceTree = SOURCE_ROOT; };
		F503468E1DBC77350041F6A6 /* Huffman.swift */ = {isa = PBXFileReference; fileEncoding = 4; lastKnownFileType = sourcecode.swift; name = Huffman.swift; path = "Packages/SwiftHpack-0.1.2/Sources/Huffman.swift"; sourceTree = SOURCE_ROOT; };
		F503468F1DBC77350041F6A6 /* Table.swift */ = {isa = PBXFileReference; fileEncoding = 4; lastKnownFileType = sourcecode.swift; name = Table.swift; path = "Packages/SwiftHpack-0.1.2/Sources/Table.swift"; sourceTree = SOURCE_ROOT; };
		F503469C1DBC775A0041F6A6 /* Frames.swift */ = {isa = PBXFileReference; fileEncoding = 4; lastKnownFileType = sourcecode.swift; name = Frames.swift; path = "Packages/SwiftHttp2-0.1.3/Sources/Frames.swift"; sourceTree = "<group>"; };
		F503469D1DBC775A0041F6A6 /* Http2.swift */ = {isa = PBXFileReference; fileEncoding = 4; lastKnownFileType = sourcecode.swift; name = Http2.swift; path = "Packages/SwiftHttp2-0.1.3/Sources/Http2.swift"; sourceTree = "<group>"; };
		F503469E1DBC775A0041F6A6 /* Streams.swift */ = {isa = PBXFileReference; fileEncoding = 4; lastKnownFileType = sourcecode.swift; name = Streams.swift; path = "Packages/SwiftHttp2-0.1.3/Sources/Streams.swift"; sourceTree = "<group>"; };
		F50346A21DBC776D0041F6A6 /* gRPC.swift */ = {isa = PBXFileReference; fileEncoding = 4; lastKnownFileType = sourcecode.swift; name = gRPC.swift; path = "Packages/SwiftGRPC-0.1.11/Sources/gRPC.swift"; sourceTree = SOURCE_ROOT; };
		F50346A51DBC77900041F6A6 /* api.pb.swift */ = {isa = PBXFileReference; fileEncoding = 4; lastKnownFileType = sourcecode.swift; name = api.pb.swift; path = "Packages/SwiftProtobuf-0.9.25/Sources/SwiftProtobuf/api.pb.swift"; sourceTree = SOURCE_ROOT; };
		F50346A61DBC77900041F6A6 /* duration.pb.swift */ = {isa = PBXFileReference; fileEncoding = 4; lastKnownFileType = sourcecode.swift; name = duration.pb.swift; path = "Packages/SwiftProtobuf-0.9.25/Sources/SwiftProtobuf/duration.pb.swift"; sourceTree = SOURCE_ROOT; };
		F50346A71DBC77900041F6A6 /* empty.pb.swift */ = {isa = PBXFileReference; fileEncoding = 4; lastKnownFileType = sourcecode.swift; name = empty.pb.swift; path = "Packages/SwiftProtobuf-0.9.25/Sources/SwiftProtobuf/empty.pb.swift"; sourceTree = SOURCE_ROOT; };
		F50346A81DBC77900041F6A6 /* field_mask.pb.swift */ = {isa = PBXFileReference; fileEncoding = 4; lastKnownFileType = sourcecode.swift; name = field_mask.pb.swift; path = "Packages/SwiftProtobuf-0.9.25/Sources/SwiftProtobuf/field_mask.pb.swift"; sourceTree = SOURCE_ROOT; };
		F50346A91DBC77900041F6A6 /* FieldTag.swift */ = {isa = PBXFileReference; fileEncoding = 4; lastKnownFileType = sourcecode.swift; name = FieldTag.swift; path = "Packages/SwiftProtobuf-0.9.25/Sources/SwiftProtobuf/FieldTag.swift"; sourceTree = SOURCE_ROOT; };
		F50346AA1DBC77900041F6A6 /* Google_Protobuf_Any.swift */ = {isa = PBXFileReference; fileEncoding = 4; lastKnownFileType = sourcecode.swift; name = Google_Protobuf_Any.swift; path = "Packages/SwiftProtobuf-0.9.25/Sources/SwiftProtobuf/Google_Protobuf_Any.swift"; sourceTree = SOURCE_ROOT; };
		F50346AB1DBC77900041F6A6 /* Google_Protobuf_Duration_Extensions.swift */ = {isa = PBXFileReference; fileEncoding = 4; lastKnownFileType = sourcecode.swift; name = Google_Protobuf_Duration_Extensions.swift; path = "Packages/SwiftProtobuf-0.9.25/Sources/SwiftProtobuf/Google_Protobuf_Duration_Extensions.swift"; sourceTree = SOURCE_ROOT; };
		F50346AC1DBC77900041F6A6 /* Google_Protobuf_FieldMask_Extensions.swift */ = {isa = PBXFileReference; fileEncoding = 4; lastKnownFileType = sourcecode.swift; name = Google_Protobuf_FieldMask_Extensions.swift; path = "Packages/SwiftProtobuf-0.9.25/Sources/SwiftProtobuf/Google_Protobuf_FieldMask_Extensions.swift"; sourceTree = SOURCE_ROOT; };
		F50346AD1DBC77900041F6A6 /* Google_Protobuf_Struct.swift */ = {isa = PBXFileReference; fileEncoding = 4; lastKnownFileType = sourcecode.swift; name = Google_Protobuf_Struct.swift; path = "Packages/SwiftProtobuf-0.9.25/Sources/SwiftProtobuf/Google_Protobuf_Struct.swift"; sourceTree = SOURCE_ROOT; };
		F50346AE1DBC77900041F6A6 /* Google_Protobuf_Timestamp_Extensions.swift */ = {isa = PBXFileReference; fileEncoding = 4; lastKnownFileType = sourcecode.swift; name = Google_Protobuf_Timestamp_Extensions.swift; path = "Packages/SwiftProtobuf-0.9.25/Sources/SwiftProtobuf/Google_Protobuf_Timestamp_Extensions.swift"; sourceTree = SOURCE_ROOT; };
		F50346AF1DBC77900041F6A6 /* Google_Protobuf_Wrappers+Extensions.swift */ = {isa = PBXFileReference; fileEncoding = 4; lastKnownFileType = sourcecode.swift; name = "Google_Protobuf_Wrappers+Extensions.swift"; path = "Packages/SwiftProtobuf-0.9.25/Sources/SwiftProtobuf/Google_Protobuf_Wrappers+Extensions.swift"; sourceTree = SOURCE_ROOT; };
		F50346B01DBC77900041F6A6 /* ProtobufBinaryDecoding.swift */ = {isa = PBXFileReference; fileEncoding = 4; lastKnownFileType = sourcecode.swift; name = ProtobufBinaryDecoding.swift; path = "Packages/SwiftProtobuf-0.9.25/Sources/SwiftProtobuf/ProtobufBinaryDecoding.swift"; sourceTree = SOURCE_ROOT; };
		F50346B11DBC77900041F6A6 /* ProtobufBinaryEncoding.swift */ = {isa = PBXFileReference; fileEncoding = 4; lastKnownFileType = sourcecode.swift; name = ProtobufBinaryEncoding.swift; path = "Packages/SwiftProtobuf-0.9.25/Sources/SwiftProtobuf/ProtobufBinaryEncoding.swift"; sourceTree = SOURCE_ROOT; };
		F50346B21DBC77900041F6A6 /* ProtobufBinarySizeVisitor.swift */ = {isa = PBXFileReference; fileEncoding = 4; lastKnownFileType = sourcecode.swift; name = ProtobufBinarySizeVisitor.swift; path = "Packages/SwiftProtobuf-0.9.25/Sources/SwiftProtobuf/ProtobufBinarySizeVisitor.swift"; sourceTree = SOURCE_ROOT; };
		F50346B31DBC77900041F6A6 /* ProtobufBinaryTypes.swift */ = {isa = PBXFileReference; fileEncoding = 4; lastKnownFileType = sourcecode.swift; name = ProtobufBinaryTypes.swift; path = "Packages/SwiftProtobuf-0.9.25/Sources/SwiftProtobuf/ProtobufBinaryTypes.swift"; sourceTree = SOURCE_ROOT; };
		F50346B41DBC77900041F6A6 /* ProtobufDebugDescription.swift */ = {isa = PBXFileReference; fileEncoding = 4; lastKnownFileType = sourcecode.swift; name = ProtobufDebugDescription.swift; path = "Packages/SwiftProtobuf-0.9.25/Sources/SwiftProtobuf/ProtobufDebugDescription.swift"; sourceTree = SOURCE_ROOT; };
		F50346B51DBC77900041F6A6 /* ProtobufEnum.swift */ = {isa = PBXFileReference; fileEncoding = 4; lastKnownFileType = sourcecode.swift; name = ProtobufEnum.swift; path = "Packages/SwiftProtobuf-0.9.25/Sources/SwiftProtobuf/ProtobufEnum.swift"; sourceTree = SOURCE_ROOT; };
		F50346B61DBC77900041F6A6 /* ProtobufError.swift */ = {isa = PBXFileReference; fileEncoding = 4; lastKnownFileType = sourcecode.swift; name = ProtobufError.swift; path = "Packages/SwiftProtobuf-0.9.25/Sources/SwiftProtobuf/ProtobufError.swift"; sourceTree = SOURCE_ROOT; };
		F50346B71DBC77900041F6A6 /* ProtobufExtensionFields.swift */ = {isa = PBXFileReference; fileEncoding = 4; lastKnownFileType = sourcecode.swift; name = ProtobufExtensionFields.swift; path = "Packages/SwiftProtobuf-0.9.25/Sources/SwiftProtobuf/ProtobufExtensionFields.swift"; sourceTree = SOURCE_ROOT; };
		F50346B81DBC77900041F6A6 /* ProtobufExtensions.swift */ = {isa = PBXFileReference; fileEncoding = 4; lastKnownFileType = sourcecode.swift; name = ProtobufExtensions.swift; path = "Packages/SwiftProtobuf-0.9.25/Sources/SwiftProtobuf/ProtobufExtensions.swift"; sourceTree = SOURCE_ROOT; };
		F50346B91DBC77900041F6A6 /* ProtobufFieldDecoder.swift */ = {isa = PBXFileReference; fileEncoding = 4; lastKnownFileType = sourcecode.swift; name = ProtobufFieldDecoder.swift; path = "Packages/SwiftProtobuf-0.9.25/Sources/SwiftProtobuf/ProtobufFieldDecoder.swift"; sourceTree = SOURCE_ROOT; };
		F50346BA1DBC77900041F6A6 /* ProtobufHash.swift */ = {isa = PBXFileReference; fileEncoding = 4; lastKnownFileType = sourcecode.swift; name = ProtobufHash.swift; path = "Packages/SwiftProtobuf-0.9.25/Sources/SwiftProtobuf/ProtobufHash.swift"; sourceTree = SOURCE_ROOT; };
		F50346BB1DBC77900041F6A6 /* ProtobufJSONDecoding.swift */ = {isa = PBXFileReference; fileEncoding = 4; lastKnownFileType = sourcecode.swift; name = ProtobufJSONDecoding.swift; path = "Packages/SwiftProtobuf-0.9.25/Sources/SwiftProtobuf/ProtobufJSONDecoding.swift"; sourceTree = SOURCE_ROOT; };
		F50346BC1DBC77900041F6A6 /* ProtobufJSONEncoding.swift */ = {isa = PBXFileReference; fileEncoding = 4; lastKnownFileType = sourcecode.swift; name = ProtobufJSONEncoding.swift; path = "Packages/SwiftProtobuf-0.9.25/Sources/SwiftProtobuf/ProtobufJSONEncoding.swift"; sourceTree = SOURCE_ROOT; };
		F50346BD1DBC77900041F6A6 /* ProtobufJSONTypes.swift */ = {isa = PBXFileReference; fileEncoding = 4; lastKnownFileType = sourcecode.swift; name = ProtobufJSONTypes.swift; path = "Packages/SwiftProtobuf-0.9.25/Sources/SwiftProtobuf/ProtobufJSONTypes.swift"; sourceTree = SOURCE_ROOT; };
		F50346BE1DBC77900041F6A6 /* ProtobufMessage.swift */ = {isa = PBXFileReference; fileEncoding = 4; lastKnownFileType = sourcecode.swift; name = ProtobufMessage.swift; path = "Packages/SwiftProtobuf-0.9.25/Sources/SwiftProtobuf/ProtobufMessage.swift"; sourceTree = SOURCE_ROOT; };
		F50346BF1DBC77900041F6A6 /* ProtobufMirror.swift */ = {isa = PBXFileReference; fileEncoding = 4; lastKnownFileType = sourcecode.swift; name = ProtobufMirror.swift; path = "Packages/SwiftProtobuf-0.9.25/Sources/SwiftProtobuf/ProtobufMirror.swift"; sourceTree = SOURCE_ROOT; };
		F50346C01DBC77900041F6A6 /* ProtobufOneof.swift */ = {isa = PBXFileReference; fileEncoding = 4; lastKnownFileType = sourcecode.swift; name = ProtobufOneof.swift; path = "Packages/SwiftProtobuf-0.9.25/Sources/SwiftProtobuf/ProtobufOneof.swift"; sourceTree = SOURCE_ROOT; };
		F50346C11DBC77900041F6A6 /* ProtobufTraversal.swift */ = {isa = PBXFileReference; fileEncoding = 4; lastKnownFileType = sourcecode.swift; name = ProtobufTraversal.swift; path = "Packages/SwiftProtobuf-0.9.25/Sources/SwiftProtobuf/ProtobufTraversal.swift"; sourceTree = SOURCE_ROOT; };
		F50346C21DBC77900041F6A6 /* ProtobufTypes.swift */ = {isa = PBXFileReference; fileEncoding = 4; lastKnownFileType = sourcecode.swift; name = ProtobufTypes.swift; path = "Packages/SwiftProtobuf-0.9.25/Sources/SwiftProtobuf/ProtobufTypes.swift"; sourceTree = SOURCE_ROOT; };
		F50346C31DBC77900041F6A6 /* ProtobufUnknown.swift */ = {isa = PBXFileReference; fileEncoding = 4; lastKnownFileType = sourcecode.swift; name = ProtobufUnknown.swift; path = "Packages/SwiftProtobuf-0.9.25/Sources/SwiftProtobuf/ProtobufUnknown.swift"; sourceTree = SOURCE_ROOT; };
		F50346C41DBC77900041F6A6 /* source_context.pb.swift */ = {isa = PBXFileReference; fileEncoding = 4; lastKnownFileType = sourcecode.swift; name = source_context.pb.swift; path = "Packages/SwiftProtobuf-0.9.25/Sources/SwiftProtobuf/source_context.pb.swift"; sourceTree = SOURCE_ROOT; };
		F50346C51DBC77900041F6A6 /* timestamp.pb.swift */ = {isa = PBXFileReference; fileEncoding = 4; lastKnownFileType = sourcecode.swift; name = timestamp.pb.swift; path = "Packages/SwiftProtobuf-0.9.25/Sources/SwiftProtobuf/timestamp.pb.swift"; sourceTree = SOURCE_ROOT; };
		F50346C61DBC77900041F6A6 /* type.pb.swift */ = {isa = PBXFileReference; fileEncoding = 4; lastKnownFileType = sourcecode.swift; name = type.pb.swift; path = "Packages/SwiftProtobuf-0.9.25/Sources/SwiftProtobuf/type.pb.swift"; sourceTree = SOURCE_ROOT; };
		F50346C71DBC77900041F6A6 /* Varint.swift */ = {isa = PBXFileReference; fileEncoding = 4; lastKnownFileType = sourcecode.swift; name = Varint.swift; path = "Packages/SwiftProtobuf-0.9.25/Sources/SwiftProtobuf/Varint.swift"; sourceTree = SOURCE_ROOT; };
		F50346C81DBC77900041F6A6 /* WireFormat.swift */ = {isa = PBXFileReference; fileEncoding = 4; lastKnownFileType = sourcecode.swift; name = WireFormat.swift; path = "Packages/SwiftProtobuf-0.9.25/Sources/SwiftProtobuf/WireFormat.swift"; sourceTree = SOURCE_ROOT; };
		F50346C91DBC77900041F6A6 /* wrappers.pb.swift */ = {isa = PBXFileReference; fileEncoding = 4; lastKnownFileType = sourcecode.swift; name = wrappers.pb.swift; path = "Packages/SwiftProtobuf-0.9.25/Sources/SwiftProtobuf/wrappers.pb.swift"; sourceTree = SOURCE_ROOT; };
		F50346CA1DBC77900041F6A6 /* ZigZag.swift */ = {isa = PBXFileReference; fileEncoding = 4; lastKnownFileType = sourcecode.swift; name = ZigZag.swift; path = "Packages/SwiftProtobuf-0.9.25/Sources/SwiftProtobuf/ZigZag.swift"; sourceTree = SOURCE_ROOT; };
		F50346F11DBC77A50041F6A6 /* descriptor.pb.swift */ = {isa = PBXFileReference; fileEncoding = 4; lastKnownFileType = sourcecode.swift; name = descriptor.pb.swift; path = "Packages/SwiftProtobuf-0.9.25/Sources/PluginLibrary/descriptor.pb.swift"; sourceTree = SOURCE_ROOT; };
		F50346F21DBC77A50041F6A6 /* plugin.pb.swift */ = {isa = PBXFileReference; fileEncoding = 4; lastKnownFileType = sourcecode.swift; name = plugin.pb.swift; path = "Packages/SwiftProtobuf-0.9.25/Sources/PluginLibrary/plugin.pb.swift"; sourceTree = SOURCE_ROOT; };
		F50346F31DBC77A50041F6A6 /* swift-options.pb.swift */ = {isa = PBXFileReference; fileEncoding = 4; lastKnownFileType = sourcecode.swift; name = "swift-options.pb.swift"; path = "Packages/SwiftProtobuf-0.9.25/Sources/PluginLibrary/swift-options.pb.swift"; sourceTree = SOURCE_ROOT; };
		F57DDD721DAAED2A004C83FA /* Service.swift */ = {isa = PBXFileReference; fileEncoding = 4; lastKnownFileType = sourcecode.swift; name = Service.swift; path = Sources/Service.swift; sourceTree = SOURCE_ROOT; };
/* End PBXFileReference section */

/* Begin PBXFrameworksBuildPhase section */
		D85843931DAAB4EC00C7624C /* Frameworks */ = {
			isa = PBXFrameworksBuildPhase;
			buildActionMask = 2147483647;
			files = (
				D8C050051DB2FA5E007C5BC3 /* SwiftHpack.framework in Frameworks */,
			);
			runOnlyForDeploymentPostprocessing = 0;
		};
		D8ADA11D1DA6CB060017642B /* Frameworks */ = {
			isa = PBXFrameworksBuildPhase;
			buildActionMask = 2147483647;
			files = (
				D8ADA1E71DA6D1D60017642B /* PluginLibrary.framework in Frameworks */,
				D8ADA1E91DA6D1D60017642B /* SwiftGRPC.framework in Frameworks */,
				D8ADA1EA1DA6D1D60017642B /* SwiftProtobuf.framework in Frameworks */,
			);
			runOnlyForDeploymentPostprocessing = 0;
		};
		D8ADA1481DA6CD2E0017642B /* Frameworks */ = {
			isa = PBXFrameworksBuildPhase;
			buildActionMask = 2147483647;
			files = (
				D8C050041DB2FA53007C5BC3 /* SwiftHpack.framework in Frameworks */,
				D85843A61DAAB52700C7624C /* SwiftHttp2.framework in Frameworks */,
				D8ADA2A51DA6D5F80017642B /* PluginLibrary.framework in Frameworks */,
				D8ADA1E31DA6D1C20017642B /* SwiftProtobuf.framework in Frameworks */,
			);
			runOnlyForDeploymentPostprocessing = 0;
		};
		D8ADA1551DA6CD370017642B /* Frameworks */ = {
			isa = PBXFrameworksBuildPhase;
			buildActionMask = 2147483647;
			files = (
			);
			runOnlyForDeploymentPostprocessing = 0;
		};
		D8ADA1621DA6CD440017642B /* Frameworks */ = {
			isa = PBXFrameworksBuildPhase;
			buildActionMask = 2147483647;
			files = (
				D8ADA2611DA6D3B70017642B /* SwiftProtobuf.framework in Frameworks */,
			);
			runOnlyForDeploymentPostprocessing = 0;
		};
		D8C04FEB1DB2FA0F007C5BC3 /* Frameworks */ = {
			isa = PBXFrameworksBuildPhase;
			buildActionMask = 2147483647;
			files = (
			);
			runOnlyForDeploymentPostprocessing = 0;
		};
/* End PBXFrameworksBuildPhase section */

/* Begin PBXGroup section */
		D85843911DAAB4C800C7624C /* SwiftHttp2 */ = {
			isa = PBXGroup;
			children = (
				F503469C1DBC775A0041F6A6 /* Frames.swift */,
				F503469D1DBC775A0041F6A6 /* Http2.swift */,
				F503469E1DBC775A0041F6A6 /* Streams.swift */,
			);
			name = SwiftHttp2;
			sourceTree = "<group>";
		};
		D8ADA1171DA6CB060017642B = {
			isa = PBXGroup;
			children = (
				D8ADA1231DA6CB060017642B /* PageKit */,
				D8ADA12C1DA6CC6D0017642B /* Dependencies */,
				D8ADA1221DA6CB060017642B /* Products */,
			);
			sourceTree = "<group>";
		};
		D8ADA1221DA6CB060017642B /* Products */ = {
			isa = PBXGroup;
			children = (
				D8ADA1211DA6CB060017642B /* PageKit.framework */,
				D8ADA14C1DA6CD2E0017642B /* SwiftGRPC.framework */,
				D8ADA1591DA6CD370017642B /* SwiftProtobuf.framework */,
				D8ADA1661DA6CD440017642B /* PluginLibrary.framework */,
				D85843971DAAB4EC00C7624C /* SwiftHttp2.framework */,
				D8C04FEF1DB2FA0F007C5BC3 /* SwiftHpack.framework */,
			);
			name = Products;
			sourceTree = "<group>";
		};
		D8ADA1231DA6CB060017642B /* PageKit */ = {
			isa = PBXGroup;
			children = (
				F57DDD721DAAED2A004C83FA /* Service.swift */,
				D8ADA1EB1DA6D2090017642B /* State.swift */,
				D871AF261DB5AF34007CA397 /* Extensions.swift */,
				D8ADA1EC1DA6D2090017642B /* pages.pb.swift */,
			);
			path = PageKit;
			sourceTree = "<group>";
		};
		D8ADA12C1DA6CC6D0017642B /* Dependencies */ = {
			isa = PBXGroup;
			children = (
				D8C04FF01DB2FA0F007C5BC3 /* SwiftHpack */,
				D85843911DAAB4C800C7624C /* SwiftHttp2 */,
				D8ADA14D1DA6CD2E0017642B /* SwiftGRPC */,
				D8ADA15A1DA6CD370017642B /* SwiftProtobuf */,
				D8ADA1671DA6CD440017642B /* PluginLibrary */,
			);
			name = Dependencies;
			sourceTree = "<group>";
		};
		D8ADA14D1DA6CD2E0017642B /* SwiftGRPC */ = {
			isa = PBXGroup;
			children = (
				F50346A21DBC776D0041F6A6 /* gRPC.swift */,
			);
			path = SwiftGRPC;
			sourceTree = "<group>";
		};
		D8ADA15A1DA6CD370017642B /* SwiftProtobuf */ = {
			isa = PBXGroup;
			children = (
				F50346A51DBC77900041F6A6 /* api.pb.swift */,
				F50346A61DBC77900041F6A6 /* duration.pb.swift */,
				F50346A71DBC77900041F6A6 /* empty.pb.swift */,
				F50346A81DBC77900041F6A6 /* field_mask.pb.swift */,
				F50346A91DBC77900041F6A6 /* FieldTag.swift */,
				F50346AA1DBC77900041F6A6 /* Google_Protobuf_Any.swift */,
				F50346AB1DBC77900041F6A6 /* Google_Protobuf_Duration_Extensions.swift */,
				F50346AC1DBC77900041F6A6 /* Google_Protobuf_FieldMask_Extensions.swift */,
				F50346AD1DBC77900041F6A6 /* Google_Protobuf_Struct.swift */,
				F50346AE1DBC77900041F6A6 /* Google_Protobuf_Timestamp_Extensions.swift */,
				F50346AF1DBC77900041F6A6 /* Google_Protobuf_Wrappers+Extensions.swift */,
				F50346B01DBC77900041F6A6 /* ProtobufBinaryDecoding.swift */,
				F50346B11DBC77900041F6A6 /* ProtobufBinaryEncoding.swift */,
				F50346B21DBC77900041F6A6 /* ProtobufBinarySizeVisitor.swift */,
				F50346B31DBC77900041F6A6 /* ProtobufBinaryTypes.swift */,
				F50346B41DBC77900041F6A6 /* ProtobufDebugDescription.swift */,
				F50346B51DBC77900041F6A6 /* ProtobufEnum.swift */,
				F50346B61DBC77900041F6A6 /* ProtobufError.swift */,
				F50346B71DBC77900041F6A6 /* ProtobufExtensionFields.swift */,
				F50346B81DBC77900041F6A6 /* ProtobufExtensions.swift */,
				F50346B91DBC77900041F6A6 /* ProtobufFieldDecoder.swift */,
				F50346BA1DBC77900041F6A6 /* ProtobufHash.swift */,
				F50346BB1DBC77900041F6A6 /* ProtobufJSONDecoding.swift */,
				F50346BC1DBC77900041F6A6 /* ProtobufJSONEncoding.swift */,
				F50346BD1DBC77900041F6A6 /* ProtobufJSONTypes.swift */,
				F50346BE1DBC77900041F6A6 /* ProtobufMessage.swift */,
				F50346BF1DBC77900041F6A6 /* ProtobufMirror.swift */,
				F50346C01DBC77900041F6A6 /* ProtobufOneof.swift */,
				F50346C11DBC77900041F6A6 /* ProtobufTraversal.swift */,
				F50346C21DBC77900041F6A6 /* ProtobufTypes.swift */,
				F50346C31DBC77900041F6A6 /* ProtobufUnknown.swift */,
				F50346C41DBC77900041F6A6 /* source_context.pb.swift */,
				F50346C51DBC77900041F6A6 /* timestamp.pb.swift */,
				F50346C61DBC77900041F6A6 /* type.pb.swift */,
				F50346C71DBC77900041F6A6 /* Varint.swift */,
				F50346C81DBC77900041F6A6 /* WireFormat.swift */,
				F50346C91DBC77900041F6A6 /* wrappers.pb.swift */,
				F50346CA1DBC77900041F6A6 /* ZigZag.swift */,
			);
			path = SwiftProtobuf;
			sourceTree = "<group>";
		};
		D8ADA1671DA6CD440017642B /* PluginLibrary */ = {
			isa = PBXGroup;
			children = (
				F50346F11DBC77A50041F6A6 /* descriptor.pb.swift */,
				F50346F21DBC77A50041F6A6 /* plugin.pb.swift */,
				F50346F31DBC77A50041F6A6 /* swift-options.pb.swift */,
			);
			path = PluginLibrary;
			sourceTree = "<group>";
		};
		D8C04FF01DB2FA0F007C5BC3 /* SwiftHpack */ = {
			isa = PBXGroup;
			children = (
				F503468A1DBC77350041F6A6 /* Bytes.swift */,
				F503468B1DBC77350041F6A6 /* Decoder.swift */,
				F503468C1DBC77350041F6A6 /* Encoder.swift */,
				F503468D1DBC77350041F6A6 /* hpack.swift */,
				F503468E1DBC77350041F6A6 /* Huffman.swift */,
				F503468F1DBC77350041F6A6 /* Table.swift */,
			);
			path = SwiftHpack;
			sourceTree = "<group>";
		};
/* End PBXGroup section */

/* Begin PBXHeadersBuildPhase section */
		D85843941DAAB4EC00C7624C /* Headers */ = {
			isa = PBXHeadersBuildPhase;
			buildActionMask = 2147483647;
			files = (
			);
			runOnlyForDeploymentPostprocessing = 0;
		};
		D8ADA11E1DA6CB060017642B /* Headers */ = {
			isa = PBXHeadersBuildPhase;
			buildActionMask = 2147483647;
			files = (
			);
			runOnlyForDeploymentPostprocessing = 0;
		};
		D8ADA1491DA6CD2E0017642B /* Headers */ = {
			isa = PBXHeadersBuildPhase;
			buildActionMask = 2147483647;
			files = (
			);
			runOnlyForDeploymentPostprocessing = 0;
		};
		D8ADA1561DA6CD370017642B /* Headers */ = {
			isa = PBXHeadersBuildPhase;
			buildActionMask = 2147483647;
			files = (
			);
			runOnlyForDeploymentPostprocessing = 0;
		};
		D8ADA1631DA6CD440017642B /* Headers */ = {
			isa = PBXHeadersBuildPhase;
			buildActionMask = 2147483647;
			files = (
			);
			runOnlyForDeploymentPostprocessing = 0;
		};
		D8C04FEC1DB2FA0F007C5BC3 /* Headers */ = {
			isa = PBXHeadersBuildPhase;
			buildActionMask = 2147483647;
			files = (
			);
			runOnlyForDeploymentPostprocessing = 0;
		};
/* End PBXHeadersBuildPhase section */

/* Begin PBXNativeTarget section */
		D85843961DAAB4EC00C7624C /* SwiftHttp2 */ = {
			isa = PBXNativeTarget;
			buildConfigurationList = D858439C1DAAB4EC00C7624C /* Build configuration list for PBXNativeTarget "SwiftHttp2" */;
			buildPhases = (
				D85843921DAAB4EC00C7624C /* Sources */,
				D85843931DAAB4EC00C7624C /* Frameworks */,
				D85843941DAAB4EC00C7624C /* Headers */,
				D85843951DAAB4EC00C7624C /* Resources */,
			);
			buildRules = (
			);
			dependencies = (
			);
			name = SwiftHttp2;
			productName = SwiftHttp2;
			productReference = D85843971DAAB4EC00C7624C /* SwiftHttp2.framework */;
			productType = "com.apple.product-type.framework";
		};
		D8ADA1201DA6CB060017642B /* PageKit */ = {
			isa = PBXNativeTarget;
			buildConfigurationList = D8ADA1291DA6CB060017642B /* Build configuration list for PBXNativeTarget "PageKit" */;
			buildPhases = (
				D8ADA11C1DA6CB060017642B /* Sources */,
				D8ADA11D1DA6CB060017642B /* Frameworks */,
				D8ADA11E1DA6CB060017642B /* Headers */,
				D8ADA11F1DA6CB060017642B /* Resources */,
			);
			buildRules = (
			);
			dependencies = (
			);
			name = PageKit;
			productName = PageKit;
			productReference = D8ADA1211DA6CB060017642B /* PageKit.framework */;
			productType = "com.apple.product-type.framework";
		};
		D8ADA14B1DA6CD2E0017642B /* SwiftGRPC */ = {
			isa = PBXNativeTarget;
			buildConfigurationList = D8ADA1511DA6CD2E0017642B /* Build configuration list for PBXNativeTarget "SwiftGRPC" */;
			buildPhases = (
				D8ADA1471DA6CD2E0017642B /* Sources */,
				D8ADA1481DA6CD2E0017642B /* Frameworks */,
				D8ADA1491DA6CD2E0017642B /* Headers */,
				D8ADA14A1DA6CD2E0017642B /* Resources */,
			);
			buildRules = (
			);
			dependencies = (
			);
			name = SwiftGRPC;
			productName = SwiftGRPC;
			productReference = D8ADA14C1DA6CD2E0017642B /* SwiftGRPC.framework */;
			productType = "com.apple.product-type.framework";
		};
		D8ADA1581DA6CD370017642B /* SwiftProtobuf */ = {
			isa = PBXNativeTarget;
			buildConfigurationList = D8ADA15E1DA6CD370017642B /* Build configuration list for PBXNativeTarget "SwiftProtobuf" */;
			buildPhases = (
				D8ADA1541DA6CD370017642B /* Sources */,
				D8ADA1551DA6CD370017642B /* Frameworks */,
				D8ADA1561DA6CD370017642B /* Headers */,
				D8ADA1571DA6CD370017642B /* Resources */,
			);
			buildRules = (
			);
			dependencies = (
			);
			name = SwiftProtobuf;
			productName = SwiftProtobuf;
			productReference = D8ADA1591DA6CD370017642B /* SwiftProtobuf.framework */;
			productType = "com.apple.product-type.framework";
		};
		D8ADA1651DA6CD440017642B /* PluginLibrary */ = {
			isa = PBXNativeTarget;
			buildConfigurationList = D8ADA16B1DA6CD440017642B /* Build configuration list for PBXNativeTarget "PluginLibrary" */;
			buildPhases = (
				D8ADA1611DA6CD440017642B /* Sources */,
				D8ADA1621DA6CD440017642B /* Frameworks */,
				D8ADA1631DA6CD440017642B /* Headers */,
				D8ADA1641DA6CD440017642B /* Resources */,
			);
			buildRules = (
			);
			dependencies = (
			);
			name = PluginLibrary;
			productName = PluginLibrary;
			productReference = D8ADA1661DA6CD440017642B /* PluginLibrary.framework */;
			productType = "com.apple.product-type.framework";
		};
		D8C04FEE1DB2FA0F007C5BC3 /* SwiftHpack */ = {
			isa = PBXNativeTarget;
			buildConfigurationList = D8C04FF41DB2FA0F007C5BC3 /* Build configuration list for PBXNativeTarget "SwiftHpack" */;
			buildPhases = (
				D8C04FEA1DB2FA0F007C5BC3 /* Sources */,
				D8C04FEB1DB2FA0F007C5BC3 /* Frameworks */,
				D8C04FEC1DB2FA0F007C5BC3 /* Headers */,
				D8C04FED1DB2FA0F007C5BC3 /* Resources */,
			);
			buildRules = (
			);
			dependencies = (
			);
			name = SwiftHpack;
			productName = SwiftHpack;
			productReference = D8C04FEF1DB2FA0F007C5BC3 /* SwiftHpack.framework */;
			productType = "com.apple.product-type.framework";
		};
/* End PBXNativeTarget section */

/* Begin PBXProject section */
		D8ADA1181DA6CB060017642B /* Project object */ = {
			isa = PBXProject;
			attributes = {
				LastUpgradeCheck = 0800;
				ORGANIZATIONNAME = "Nathan Borror";
				TargetAttributes = {
					D85843961DAAB4EC00C7624C = {
						CreatedOnToolsVersion = 8.0;
						DevelopmentTeam = 294VZ3T33E;
						LastSwiftMigration = 0800;
						ProvisioningStyle = Automatic;
					};
					D8ADA1201DA6CB060017642B = {
						CreatedOnToolsVersion = 8.0;
						LastSwiftMigration = 0800;
						ProvisioningStyle = Automatic;
					};
					D8ADA14B1DA6CD2E0017642B = {
						CreatedOnToolsVersion = 8.0;
						DevelopmentTeam = 294VZ3T33E;
						LastSwiftMigration = 0800;
						ProvisioningStyle = Automatic;
					};
					D8ADA1581DA6CD370017642B = {
						CreatedOnToolsVersion = 8.0;
						DevelopmentTeam = 294VZ3T33E;
						LastSwiftMigration = 0800;
						ProvisioningStyle = Automatic;
					};
					D8ADA1651DA6CD440017642B = {
						CreatedOnToolsVersion = 8.0;
						DevelopmentTeam = 294VZ3T33E;
						LastSwiftMigration = 0800;
						ProvisioningStyle = Automatic;
					};
					D8C04FEE1DB2FA0F007C5BC3 = {
						CreatedOnToolsVersion = 8.0;
						DevelopmentTeam = 294VZ3T33E;
						LastSwiftMigration = 0800;
						ProvisioningStyle = Automatic;
					};
				};
			};
			buildConfigurationList = D8ADA11B1DA6CB060017642B /* Build configuration list for PBXProject "PageKit" */;
			compatibilityVersion = "Xcode 3.2";
			developmentRegion = English;
			hasScannedForEncodings = 0;
			knownRegions = (
				en,
			);
			mainGroup = D8ADA1171DA6CB060017642B;
			productRefGroup = D8ADA1221DA6CB060017642B /* Products */;
			projectDirPath = "";
			projectRoot = "";
			targets = (
				D8ADA1201DA6CB060017642B /* PageKit */,
				D8ADA14B1DA6CD2E0017642B /* SwiftGRPC */,
				D8ADA1581DA6CD370017642B /* SwiftProtobuf */,
				D8ADA1651DA6CD440017642B /* PluginLibrary */,
				D85843961DAAB4EC00C7624C /* SwiftHttp2 */,
				D8C04FEE1DB2FA0F007C5BC3 /* SwiftHpack */,
			);
		};
/* End PBXProject section */

/* Begin PBXResourcesBuildPhase section */
		D85843951DAAB4EC00C7624C /* Resources */ = {
			isa = PBXResourcesBuildPhase;
			buildActionMask = 2147483647;
			files = (
			);
			runOnlyForDeploymentPostprocessing = 0;
		};
		D8ADA11F1DA6CB060017642B /* Resources */ = {
			isa = PBXResourcesBuildPhase;
			buildActionMask = 2147483647;
			files = (
			);
			runOnlyForDeploymentPostprocessing = 0;
		};
		D8ADA14A1DA6CD2E0017642B /* Resources */ = {
			isa = PBXResourcesBuildPhase;
			buildActionMask = 2147483647;
			files = (
			);
			runOnlyForDeploymentPostprocessing = 0;
		};
		D8ADA1571DA6CD370017642B /* Resources */ = {
			isa = PBXResourcesBuildPhase;
			buildActionMask = 2147483647;
			files = (
			);
			runOnlyForDeploymentPostprocessing = 0;
		};
		D8ADA1641DA6CD440017642B /* Resources */ = {
			isa = PBXResourcesBuildPhase;
			buildActionMask = 2147483647;
			files = (
			);
			runOnlyForDeploymentPostprocessing = 0;
		};
		D8C04FED1DB2FA0F007C5BC3 /* Resources */ = {
			isa = PBXResourcesBuildPhase;
			buildActionMask = 2147483647;
			files = (
			);
			runOnlyForDeploymentPostprocessing = 0;
		};
/* End PBXResourcesBuildPhase section */

/* Begin PBXSourcesBuildPhase section */
		D85843921DAAB4EC00C7624C /* Sources */ = {
			isa = PBXSourcesBuildPhase;
			buildActionMask = 2147483647;
			files = (
				F50346A01DBC775A0041F6A6 /* Http2.swift in Sources */,
				F50346A11DBC775A0041F6A6 /* Streams.swift in Sources */,
				F503469F1DBC775A0041F6A6 /* Frames.swift in Sources */,
			);
			runOnlyForDeploymentPostprocessing = 0;
		};
		D8ADA11C1DA6CB060017642B /* Sources */ = {
			isa = PBXSourcesBuildPhase;
			buildActionMask = 2147483647;
			files = (
				D8ADA1ED1DA6D2090017642B /* State.swift in Sources */,
				D8ADA1EE1DA6D2090017642B /* pages.pb.swift in Sources */,
				F57DDD731DAAED2A004C83FA /* Service.swift in Sources */,
				D871AF271DB5AF34007CA397 /* Extensions.swift in Sources */,
			);
			runOnlyForDeploymentPostprocessing = 0;
		};
		D8ADA1471DA6CD2E0017642B /* Sources */ = {
			isa = PBXSourcesBuildPhase;
			buildActionMask = 2147483647;
			files = (
				F50346A41DBC77750041F6A6 /* gRPC.swift in Sources */,
			);
			runOnlyForDeploymentPostprocessing = 0;
		};
		D8ADA1541DA6CD370017642B /* Sources */ = {
			isa = PBXSourcesBuildPhase;
			buildActionMask = 2147483647;
			files = (
				F50346D71DBC77900041F6A6 /* ProtobufBinaryEncoding.swift in Sources */,
				F50346DD1DBC77900041F6A6 /* ProtobufExtensionFields.swift in Sources */,
				F50346E61DBC77900041F6A6 /* ProtobufOneof.swift in Sources */,
				F50346E41DBC77900041F6A6 /* ProtobufMessage.swift in Sources */,
				F50346D91DBC77900041F6A6 /* ProtobufBinaryTypes.swift in Sources */,
				F50346ED1DBC77900041F6A6 /* Varint.swift in Sources */,
				F50346CD1DBC77900041F6A6 /* empty.pb.swift in Sources */,
				F50346D21DBC77900041F6A6 /* Google_Protobuf_FieldMask_Extensions.swift in Sources */,
				F50346E51DBC77900041F6A6 /* ProtobufMirror.swift in Sources */,
				F50346E11DBC77900041F6A6 /* ProtobufJSONDecoding.swift in Sources */,
				F50346E01DBC77900041F6A6 /* ProtobufHash.swift in Sources */,
				F50346D31DBC77900041F6A6 /* Google_Protobuf_Struct.swift in Sources */,
				F50346D81DBC77900041F6A6 /* ProtobufBinarySizeVisitor.swift in Sources */,
				F50346D61DBC77900041F6A6 /* ProtobufBinaryDecoding.swift in Sources */,
				F50346E91DBC77900041F6A6 /* ProtobufUnknown.swift in Sources */,
				F50346D01DBC77900041F6A6 /* Google_Protobuf_Any.swift in Sources */,
				F50346EE1DBC77900041F6A6 /* WireFormat.swift in Sources */,
				F50346DA1DBC77900041F6A6 /* ProtobufDebugDescription.swift in Sources */,
				F50346EF1DBC77900041F6A6 /* wrappers.pb.swift in Sources */,
				F50346E71DBC77900041F6A6 /* ProtobufTraversal.swift in Sources */,
				F50346D11DBC77900041F6A6 /* Google_Protobuf_Duration_Extensions.swift in Sources */,
				F50346CB1DBC77900041F6A6 /* api.pb.swift in Sources */,
				F50346EB1DBC77900041F6A6 /* timestamp.pb.swift in Sources */,
				F50346E21DBC77900041F6A6 /* ProtobufJSONEncoding.swift in Sources */,
				F50346DF1DBC77900041F6A6 /* ProtobufFieldDecoder.swift in Sources */,
				F50346E81DBC77900041F6A6 /* ProtobufTypes.swift in Sources */,
				F50346EA1DBC77900041F6A6 /* source_context.pb.swift in Sources */,
				F50346D51DBC77900041F6A6 /* Google_Protobuf_Wrappers+Extensions.swift in Sources */,
				F50346CE1DBC77900041F6A6 /* field_mask.pb.swift in Sources */,
				F50346D41DBC77900041F6A6 /* Google_Protobuf_Timestamp_Extensions.swift in Sources */,
				F50346DE1DBC77900041F6A6 /* ProtobufExtensions.swift in Sources */,
				F50346CC1DBC77900041F6A6 /* duration.pb.swift in Sources */,
				F50346DB1DBC77900041F6A6 /* ProtobufEnum.swift in Sources */,
				F50346DC1DBC77900041F6A6 /* ProtobufError.swift in Sources */,
				F50346F01DBC77900041F6A6 /* ZigZag.swift in Sources */,
				F50346EC1DBC77900041F6A6 /* type.pb.swift in Sources */,
				F50346CF1DBC77900041F6A6 /* FieldTag.swift in Sources */,
				F50346E31DBC77900041F6A6 /* ProtobufJSONTypes.swift in Sources */,
			);
			runOnlyForDeploymentPostprocessing = 0;
		};
		D8ADA1611DA6CD440017642B /* Sources */ = {
			isa = PBXSourcesBuildPhase;
			buildActionMask = 2147483647;
			files = (
				F50346F61DBC77A50041F6A6 /* swift-options.pb.swift in Sources */,
				F50346F41DBC77A50041F6A6 /* descriptor.pb.swift in Sources */,
				F50346F51DBC77A50041F6A6 /* plugin.pb.swift in Sources */,
			);
			runOnlyForDeploymentPostprocessing = 0;
		};
		D8C04FEA1DB2FA0F007C5BC3 /* Sources */ = {
			isa = PBXSourcesBuildPhase;
			buildActionMask = 2147483647;
			files = (
				F503469B1DBC77440041F6A6 /* Table.swift in Sources */,
				F50346971DBC77440041F6A6 /* Decoder.swift in Sources */,
				F503469A1DBC77440041F6A6 /* Huffman.swift in Sources */,
				F50346991DBC77440041F6A6 /* hpack.swift in Sources */,
				F50346961DBC77440041F6A6 /* Bytes.swift in Sources */,
				F50346981DBC77440041F6A6 /* Encoder.swift in Sources */,
			);
			runOnlyForDeploymentPostprocessing = 0;
		};
/* End PBXSourcesBuildPhase section */

/* Begin XCBuildConfiguration section */
		D858439D1DAAB4EC00C7624C /* Debug */ = {
			isa = XCBuildConfiguration;
			buildSettings = {
				CLANG_ENABLE_MODULES = YES;
				CODE_SIGN_IDENTITY = "";
				DEFINES_MODULE = YES;
				DEVELOPMENT_TEAM = 294VZ3T33E;
				DYLIB_COMPATIBILITY_VERSION = 1;
				DYLIB_CURRENT_VERSION = 1;
				DYLIB_INSTALL_NAME_BASE = "@rpath";
				INFOPLIST_FILE = PageKit.xcodeproj/SwiftHttp2_Info.plist;
				INSTALL_PATH = "$(LOCAL_LIBRARY_DIR)/Frameworks";
				LD_RUNPATH_SEARCH_PATHS = "$(inherited) @executable_path/Frameworks @loader_path/Frameworks";
				PRODUCT_BUNDLE_IDENTIFIER = co.nthn.SwiftHttp2;
				PRODUCT_NAME = "$(TARGET_NAME)";
				SKIP_INSTALL = YES;
				SWIFT_OPTIMIZATION_LEVEL = "-Onone";
				SWIFT_VERSION = 3.0;
			};
			name = Debug;
		};
		D858439E1DAAB4EC00C7624C /* Release */ = {
			isa = XCBuildConfiguration;
			buildSettings = {
				CLANG_ENABLE_MODULES = YES;
				CODE_SIGN_IDENTITY = "";
				DEFINES_MODULE = YES;
				DEVELOPMENT_TEAM = 294VZ3T33E;
				DYLIB_COMPATIBILITY_VERSION = 1;
				DYLIB_CURRENT_VERSION = 1;
				DYLIB_INSTALL_NAME_BASE = "@rpath";
				INFOPLIST_FILE = PageKit.xcodeproj/SwiftHttp2_Info.plist;
				INSTALL_PATH = "$(LOCAL_LIBRARY_DIR)/Frameworks";
				LD_RUNPATH_SEARCH_PATHS = "$(inherited) @executable_path/Frameworks @loader_path/Frameworks";
				PRODUCT_BUNDLE_IDENTIFIER = co.nthn.SwiftHttp2;
				PRODUCT_NAME = "$(TARGET_NAME)";
				SKIP_INSTALL = YES;
				SWIFT_VERSION = 3.0;
			};
			name = Release;
		};
		D8ADA1271DA6CB060017642B /* Debug */ = {
			isa = XCBuildConfiguration;
			buildSettings = {
				ALWAYS_SEARCH_USER_PATHS = NO;
				CLANG_ANALYZER_NONNULL = YES;
				CLANG_CXX_LANGUAGE_STANDARD = "gnu++0x";
				CLANG_CXX_LIBRARY = "libc++";
				CLANG_ENABLE_MODULES = YES;
				CLANG_ENABLE_OBJC_ARC = YES;
				CLANG_WARN_BOOL_CONVERSION = YES;
				CLANG_WARN_CONSTANT_CONVERSION = YES;
				CLANG_WARN_DIRECT_OBJC_ISA_USAGE = YES_ERROR;
				CLANG_WARN_DOCUMENTATION_COMMENTS = YES;
				CLANG_WARN_EMPTY_BODY = YES;
				CLANG_WARN_ENUM_CONVERSION = YES;
				CLANG_WARN_INFINITE_RECURSION = YES;
				CLANG_WARN_INT_CONVERSION = YES;
				CLANG_WARN_OBJC_ROOT_CLASS = YES_ERROR;
				CLANG_WARN_SUSPICIOUS_MOVES = YES;
				CLANG_WARN_UNREACHABLE_CODE = YES;
				CLANG_WARN__DUPLICATE_METHOD_MATCH = YES;
				"CODE_SIGN_IDENTITY[sdk=iphoneos*]" = "iPhone Developer";
				COPY_PHASE_STRIP = NO;
				CURRENT_PROJECT_VERSION = 1;
				DEBUG_INFORMATION_FORMAT = dwarf;
				ENABLE_STRICT_OBJC_MSGSEND = YES;
				ENABLE_TESTABILITY = YES;
				GCC_C_LANGUAGE_STANDARD = gnu99;
				GCC_DYNAMIC_NO_PIC = NO;
				GCC_NO_COMMON_BLOCKS = YES;
				GCC_OPTIMIZATION_LEVEL = 0;
				GCC_PREPROCESSOR_DEFINITIONS = (
					"DEBUG=1",
					"$(inherited)",
				);
				GCC_WARN_64_TO_32_BIT_CONVERSION = YES;
				GCC_WARN_ABOUT_RETURN_TYPE = YES_ERROR;
				GCC_WARN_UNDECLARED_SELECTOR = YES;
				GCC_WARN_UNINITIALIZED_AUTOS = YES_AGGRESSIVE;
				GCC_WARN_UNUSED_FUNCTION = YES;
				GCC_WARN_UNUSED_VARIABLE = YES;
				IPHONEOS_DEPLOYMENT_TARGET = 10.0;
				MTL_ENABLE_DEBUG_INFO = YES;
				ONLY_ACTIVE_ARCH = YES;
				SDKROOT = iphoneos;
				SWIFT_ACTIVE_COMPILATION_CONDITIONS = DEBUG;
				SWIFT_OPTIMIZATION_LEVEL = "-Onone";
				TARGETED_DEVICE_FAMILY = "1,2";
				VERSIONING_SYSTEM = "apple-generic";
				VERSION_INFO_PREFIX = "";
			};
			name = Debug;
		};
		D8ADA1281DA6CB060017642B /* Release */ = {
			isa = XCBuildConfiguration;
			buildSettings = {
				ALWAYS_SEARCH_USER_PATHS = NO;
				CLANG_ANALYZER_NONNULL = YES;
				CLANG_CXX_LANGUAGE_STANDARD = "gnu++0x";
				CLANG_CXX_LIBRARY = "libc++";
				CLANG_ENABLE_MODULES = YES;
				CLANG_ENABLE_OBJC_ARC = YES;
				CLANG_WARN_BOOL_CONVERSION = YES;
				CLANG_WARN_CONSTANT_CONVERSION = YES;
				CLANG_WARN_DIRECT_OBJC_ISA_USAGE = YES_ERROR;
				CLANG_WARN_DOCUMENTATION_COMMENTS = YES;
				CLANG_WARN_EMPTY_BODY = YES;
				CLANG_WARN_ENUM_CONVERSION = YES;
				CLANG_WARN_INFINITE_RECURSION = YES;
				CLANG_WARN_INT_CONVERSION = YES;
				CLANG_WARN_OBJC_ROOT_CLASS = YES_ERROR;
				CLANG_WARN_SUSPICIOUS_MOVES = YES;
				CLANG_WARN_UNREACHABLE_CODE = YES;
				CLANG_WARN__DUPLICATE_METHOD_MATCH = YES;
				"CODE_SIGN_IDENTITY[sdk=iphoneos*]" = "iPhone Developer";
				COPY_PHASE_STRIP = NO;
				CURRENT_PROJECT_VERSION = 1;
				DEBUG_INFORMATION_FORMAT = "dwarf-with-dsym";
				ENABLE_NS_ASSERTIONS = NO;
				ENABLE_STRICT_OBJC_MSGSEND = YES;
				GCC_C_LANGUAGE_STANDARD = gnu99;
				GCC_NO_COMMON_BLOCKS = YES;
				GCC_WARN_64_TO_32_BIT_CONVERSION = YES;
				GCC_WARN_ABOUT_RETURN_TYPE = YES_ERROR;
				GCC_WARN_UNDECLARED_SELECTOR = YES;
				GCC_WARN_UNINITIALIZED_AUTOS = YES_AGGRESSIVE;
				GCC_WARN_UNUSED_FUNCTION = YES;
				GCC_WARN_UNUSED_VARIABLE = YES;
				IPHONEOS_DEPLOYMENT_TARGET = 10.0;
				MTL_ENABLE_DEBUG_INFO = NO;
				SDKROOT = iphoneos;
				SWIFT_OPTIMIZATION_LEVEL = "-Owholemodule";
				TARGETED_DEVICE_FAMILY = "1,2";
				VALIDATE_PRODUCT = YES;
				VERSIONING_SYSTEM = "apple-generic";
				VERSION_INFO_PREFIX = "";
			};
			name = Release;
		};
		D8ADA12A1DA6CB060017642B /* Debug */ = {
			isa = XCBuildConfiguration;
			buildSettings = {
				CLANG_ENABLE_MODULES = YES;
				CODE_SIGN_IDENTITY = "";
				DEFINES_MODULE = YES;
				DEVELOPMENT_TEAM = "";
				DYLIB_COMPATIBILITY_VERSION = 1;
				DYLIB_CURRENT_VERSION = 1;
				DYLIB_INSTALL_NAME_BASE = "@rpath";
				INFOPLIST_FILE = PageKit.xcodeproj/PageKit_Info.plist;
				INSTALL_PATH = "$(LOCAL_LIBRARY_DIR)/Frameworks";
				LD_RUNPATH_SEARCH_PATHS = "$(inherited) @executable_path/Frameworks @loader_path/Frameworks";
				PRODUCT_BUNDLE_IDENTIFIER = co.nthn.PageKit;
				PRODUCT_NAME = "$(TARGET_NAME)";
				SKIP_INSTALL = YES;
				SWIFT_OPTIMIZATION_LEVEL = "-Onone";
				SWIFT_VERSION = 3.0;
			};
			name = Debug;
		};
		D8ADA12B1DA6CB060017642B /* Release */ = {
			isa = XCBuildConfiguration;
			buildSettings = {
				CLANG_ENABLE_MODULES = YES;
				CODE_SIGN_IDENTITY = "";
				DEFINES_MODULE = YES;
				DEVELOPMENT_TEAM = "";
				DYLIB_COMPATIBILITY_VERSION = 1;
				DYLIB_CURRENT_VERSION = 1;
				DYLIB_INSTALL_NAME_BASE = "@rpath";
				INFOPLIST_FILE = PageKit.xcodeproj/PageKit_Info.plist;
				INSTALL_PATH = "$(LOCAL_LIBRARY_DIR)/Frameworks";
				LD_RUNPATH_SEARCH_PATHS = "$(inherited) @executable_path/Frameworks @loader_path/Frameworks";
				PRODUCT_BUNDLE_IDENTIFIER = co.nthn.PageKit;
				PRODUCT_NAME = "$(TARGET_NAME)";
				SKIP_INSTALL = YES;
				SWIFT_VERSION = 3.0;
			};
			name = Release;
		};
		D8ADA1521DA6CD2E0017642B /* Debug */ = {
			isa = XCBuildConfiguration;
			buildSettings = {
				CLANG_ENABLE_MODULES = YES;
				CODE_SIGN_IDENTITY = "";
				DEFINES_MODULE = YES;
				DEVELOPMENT_TEAM = 294VZ3T33E;
				DYLIB_COMPATIBILITY_VERSION = 1;
				DYLIB_CURRENT_VERSION = 1;
				DYLIB_INSTALL_NAME_BASE = "@rpath";
				INFOPLIST_FILE = PageKit.xcodeproj/SwiftGRPC_Info.plist;
				INSTALL_PATH = "$(LOCAL_LIBRARY_DIR)/Frameworks";
				LD_RUNPATH_SEARCH_PATHS = "$(inherited) @executable_path/Frameworks @loader_path/Frameworks";
				PRODUCT_BUNDLE_IDENTIFIER = co.nthn.SwiftGRPC;
				PRODUCT_NAME = "$(TARGET_NAME)";
				SKIP_INSTALL = YES;
				SWIFT_OPTIMIZATION_LEVEL = "-Onone";
				SWIFT_VERSION = 3.0;
			};
			name = Debug;
		};
		D8ADA1531DA6CD2E0017642B /* Release */ = {
			isa = XCBuildConfiguration;
			buildSettings = {
				CLANG_ENABLE_MODULES = YES;
				CODE_SIGN_IDENTITY = "";
				DEFINES_MODULE = YES;
				DEVELOPMENT_TEAM = 294VZ3T33E;
				DYLIB_COMPATIBILITY_VERSION = 1;
				DYLIB_CURRENT_VERSION = 1;
				DYLIB_INSTALL_NAME_BASE = "@rpath";
				INFOPLIST_FILE = PageKit.xcodeproj/SwiftGRPC_Info.plist;
				INSTALL_PATH = "$(LOCAL_LIBRARY_DIR)/Frameworks";
				LD_RUNPATH_SEARCH_PATHS = "$(inherited) @executable_path/Frameworks @loader_path/Frameworks";
				PRODUCT_BUNDLE_IDENTIFIER = co.nthn.SwiftGRPC;
				PRODUCT_NAME = "$(TARGET_NAME)";
				SKIP_INSTALL = YES;
				SWIFT_VERSION = 3.0;
			};
			name = Release;
		};
		D8ADA15F1DA6CD370017642B /* Debug */ = {
			isa = XCBuildConfiguration;
			buildSettings = {
				CLANG_ENABLE_MODULES = YES;
				CODE_SIGN_IDENTITY = "";
				DEFINES_MODULE = YES;
				DEVELOPMENT_TEAM = 294VZ3T33E;
				DYLIB_COMPATIBILITY_VERSION = 1;
				DYLIB_CURRENT_VERSION = 1;
				DYLIB_INSTALL_NAME_BASE = "@rpath";
				INFOPLIST_FILE = PageKit.xcodeproj/SwiftProtobuf_Info.plist;
				INSTALL_PATH = "$(LOCAL_LIBRARY_DIR)/Frameworks";
				LD_RUNPATH_SEARCH_PATHS = "$(inherited) @executable_path/Frameworks @loader_path/Frameworks";
				PRODUCT_BUNDLE_IDENTIFIER = co.nthn.SwiftProtobuf;
				PRODUCT_NAME = "$(TARGET_NAME)";
				SKIP_INSTALL = YES;
				SWIFT_OPTIMIZATION_LEVEL = "-Onone";
				SWIFT_VERSION = 3.0;
			};
			name = Debug;
		};
		D8ADA1601DA6CD370017642B /* Release */ = {
			isa = XCBuildConfiguration;
			buildSettings = {
				CLANG_ENABLE_MODULES = YES;
				CODE_SIGN_IDENTITY = "";
				DEFINES_MODULE = YES;
				DEVELOPMENT_TEAM = 294VZ3T33E;
				DYLIB_COMPATIBILITY_VERSION = 1;
				DYLIB_CURRENT_VERSION = 1;
				DYLIB_INSTALL_NAME_BASE = "@rpath";
				INFOPLIST_FILE = PageKit.xcodeproj/SwiftProtobuf_Info.plist;
				INSTALL_PATH = "$(LOCAL_LIBRARY_DIR)/Frameworks";
				LD_RUNPATH_SEARCH_PATHS = "$(inherited) @executable_path/Frameworks @loader_path/Frameworks";
				PRODUCT_BUNDLE_IDENTIFIER = co.nthn.SwiftProtobuf;
				PRODUCT_NAME = "$(TARGET_NAME)";
				SKIP_INSTALL = YES;
				SWIFT_VERSION = 3.0;
			};
			name = Release;
		};
		D8ADA16C1DA6CD440017642B /* Debug */ = {
			isa = XCBuildConfiguration;
			buildSettings = {
				CLANG_ENABLE_MODULES = YES;
				CODE_SIGN_IDENTITY = "";
				DEFINES_MODULE = YES;
				DEVELOPMENT_TEAM = 294VZ3T33E;
				DYLIB_COMPATIBILITY_VERSION = 1;
				DYLIB_CURRENT_VERSION = 1;
				DYLIB_INSTALL_NAME_BASE = "@rpath";
				INFOPLIST_FILE = PageKit.xcodeproj/PluginLibrary_Info.plist;
				INSTALL_PATH = "$(LOCAL_LIBRARY_DIR)/Frameworks";
				LD_RUNPATH_SEARCH_PATHS = "$(inherited) @executable_path/Frameworks @loader_path/Frameworks";
				PRODUCT_BUNDLE_IDENTIFIER = co.nthn.PluginLibrary;
				PRODUCT_NAME = "$(TARGET_NAME)";
				SKIP_INSTALL = YES;
				SWIFT_OPTIMIZATION_LEVEL = "-Onone";
				SWIFT_VERSION = 3.0;
			};
			name = Debug;
		};
		D8ADA16D1DA6CD440017642B /* Release */ = {
			isa = XCBuildConfiguration;
			buildSettings = {
				CLANG_ENABLE_MODULES = YES;
				CODE_SIGN_IDENTITY = "";
				DEFINES_MODULE = YES;
				DEVELOPMENT_TEAM = 294VZ3T33E;
				DYLIB_COMPATIBILITY_VERSION = 1;
				DYLIB_CURRENT_VERSION = 1;
				DYLIB_INSTALL_NAME_BASE = "@rpath";
				INFOPLIST_FILE = PageKit.xcodeproj/PluginLibrary_Info.plist;
				INSTALL_PATH = "$(LOCAL_LIBRARY_DIR)/Frameworks";
				LD_RUNPATH_SEARCH_PATHS = "$(inherited) @executable_path/Frameworks @loader_path/Frameworks";
				PRODUCT_BUNDLE_IDENTIFIER = co.nthn.PluginLibrary;
				PRODUCT_NAME = "$(TARGET_NAME)";
				SKIP_INSTALL = YES;
				SWIFT_VERSION = 3.0;
			};
			name = Release;
		};
		D8C04FF51DB2FA0F007C5BC3 /* Debug */ = {
			isa = XCBuildConfiguration;
			buildSettings = {
				CLANG_ENABLE_MODULES = YES;
				CODE_SIGN_IDENTITY = "";
				DEFINES_MODULE = YES;
				DEVELOPMENT_TEAM = 294VZ3T33E;
				DYLIB_COMPATIBILITY_VERSION = 1;
				DYLIB_CURRENT_VERSION = 1;
				DYLIB_INSTALL_NAME_BASE = "@rpath";
				INFOPLIST_FILE = PageKit.xcodeproj/SwiftHpack_Info.plist;
				INSTALL_PATH = "$(LOCAL_LIBRARY_DIR)/Frameworks";
				LD_RUNPATH_SEARCH_PATHS = "$(inherited) @executable_path/Frameworks @loader_path/Frameworks";
				PRODUCT_BUNDLE_IDENTIFIER = co.nthn.SwiftHpack;
				PRODUCT_NAME = "$(TARGET_NAME)";
				SKIP_INSTALL = YES;
				SWIFT_OPTIMIZATION_LEVEL = "-Onone";
				SWIFT_VERSION = 3.0;
			};
			name = Debug;
		};
		D8C04FF61DB2FA0F007C5BC3 /* Release */ = {
			isa = XCBuildConfiguration;
			buildSettings = {
				CLANG_ENABLE_MODULES = YES;
				CODE_SIGN_IDENTITY = "";
				DEFINES_MODULE = YES;
				DEVELOPMENT_TEAM = 294VZ3T33E;
				DYLIB_COMPATIBILITY_VERSION = 1;
				DYLIB_CURRENT_VERSION = 1;
				DYLIB_INSTALL_NAME_BASE = "@rpath";
				INFOPLIST_FILE = PageKit.xcodeproj/SwiftHpack_Info.plist;
				INSTALL_PATH = "$(LOCAL_LIBRARY_DIR)/Frameworks";
				LD_RUNPATH_SEARCH_PATHS = "$(inherited) @executable_path/Frameworks @loader_path/Frameworks";
				PRODUCT_BUNDLE_IDENTIFIER = co.nthn.SwiftHpack;
				PRODUCT_NAME = "$(TARGET_NAME)";
				SKIP_INSTALL = YES;
				SWIFT_VERSION = 3.0;
			};
			name = Release;
		};
/* End XCBuildConfiguration section */

/* Begin XCConfigurationList section */
		D858439C1DAAB4EC00C7624C /* Build configuration list for PBXNativeTarget "SwiftHttp2" */ = {
			isa = XCConfigurationList;
			buildConfigurations = (
				D858439D1DAAB4EC00C7624C /* Debug */,
				D858439E1DAAB4EC00C7624C /* Release */,
			);
			defaultConfigurationIsVisible = 0;
			defaultConfigurationName = Release;
		};
		D8ADA11B1DA6CB060017642B /* Build configuration list for PBXProject "PageKit" */ = {
			isa = XCConfigurationList;
			buildConfigurations = (
				D8ADA1271DA6CB060017642B /* Debug */,
				D8ADA1281DA6CB060017642B /* Release */,
			);
			defaultConfigurationIsVisible = 0;
			defaultConfigurationName = Release;
		};
		D8ADA1291DA6CB060017642B /* Build configuration list for PBXNativeTarget "PageKit" */ = {
			isa = XCConfigurationList;
			buildConfigurations = (
				D8ADA12A1DA6CB060017642B /* Debug */,
				D8ADA12B1DA6CB060017642B /* Release */,
			);
			defaultConfigurationIsVisible = 0;
			defaultConfigurationName = Release;
		};
		D8ADA1511DA6CD2E0017642B /* Build configuration list for PBXNativeTarget "SwiftGRPC" */ = {
			isa = XCConfigurationList;
			buildConfigurations = (
				D8ADA1521DA6CD2E0017642B /* Debug */,
				D8ADA1531DA6CD2E0017642B /* Release */,
			);
			defaultConfigurationIsVisible = 0;
			defaultConfigurationName = Release;
		};
		D8ADA15E1DA6CD370017642B /* Build configuration list for PBXNativeTarget "SwiftProtobuf" */ = {
			isa = XCConfigurationList;
			buildConfigurations = (
				D8ADA15F1DA6CD370017642B /* Debug */,
				D8ADA1601DA6CD370017642B /* Release */,
			);
			defaultConfigurationIsVisible = 0;
			defaultConfigurationName = Release;
		};
		D8ADA16B1DA6CD440017642B /* Build configuration list for PBXNativeTarget "PluginLibrary" */ = {
			isa = XCConfigurationList;
			buildConfigurations = (
				D8ADA16C1DA6CD440017642B /* Debug */,
				D8ADA16D1DA6CD440017642B /* Release */,
			);
			defaultConfigurationIsVisible = 0;
			defaultConfigurationName = Release;
		};
		D8C04FF41DB2FA0F007C5BC3 /* Build configuration list for PBXNativeTarget "SwiftHpack" */ = {
			isa = XCConfigurationList;
			buildConfigurations = (
				D8C04FF51DB2FA0F007C5BC3 /* Debug */,
				D8C04FF61DB2FA0F007C5BC3 /* Release */,
			);
			defaultConfigurationIsVisible = 0;
			defaultConfigurationName = Release;
		};
/* End XCConfigurationList section */
	};
	rootObject = D8ADA1181DA6CB060017642B /* Project object */;
}
